
Microsoft Visual Studio Solution File, Format Version 12.00
# Visual Studio Version 16
VisualStudioVersion = 16.0.29728.190
MinimumVisualStudioVersion = 10.0.40219.1
Project("{9A19103F-16F7-4668-BE54-9A1E7A4F7556}") = "CorpWebSite", "CorpWebSite\CorpWebSite.csproj", "{728F7709-0437-40D6-8481-11733454CA44}"
EndProject
Project("{FAE04EC0-301F-11D3-BF4B-00C04F79EFBC}") = "MainWebMVC", "MainWebMVC\MainWebMVC.csproj", "{A42813F9-1223-413D-9064-5010E9C75BF5}"
EndProject
Global
	GlobalSection(SolutionConfigurationPlatforms) = preSolution
		Debug|Any CPU = Debug|Any CPU
		Release|Any CPU = Release|Any CPU
	EndGlobalSection
	GlobalSection(ProjectConfigurationPlatforms) = postSolution
		{728F7709-0437-40D6-8481-11733454CA44}.Debug|Any CPU.ActiveCfg = Debug|Any CPU
		{728F7709-0437-40D6-8481-11733454CA44}.Debug|Any CPU.Build.0 = Debug|Any CPU
		{728F7709-0437-40D6-8481-11733454CA44}.Release|Any CPU.ActiveCfg = Release|Any CPU
		{728F7709-0437-40D6-8481-11733454CA44}.Release|Any CPU.Build.0 = Release|Any CPU
		{A42813F9-1223-413D-9064-5010E9C75BF5}.Debug|Any CPU.ActiveCfg = Debug|Any CPU
		{A42813F9-1223-413D-9064-5010E9C75BF5}.Debug|Any CPU.Build.0 = Debug|Any CPU
		{A42813F9-1223-413D-9064-5010E9C75BF5}.Release|Any CPU.ActiveCfg = Release|Any CPU
		{A42813F9-1223-413D-9064-5010E9C75BF5}.Release|Any CPU.Build.0 = Release|Any CPU
	EndGlobalSection
	GlobalSection(SolutionProperties) = preSolution
		HideSolutionNode = FALSE
	EndGlobalSection
	GlobalSection(ExtensibilityGlobals) = postSolution
		SolutionGuid = {6428373F-9CF0-41AA-B749-A393C26A1513}
	EndGlobalSection
EndGlobal
